
Microsoft Visual Studio Solution File, Format Version 11.00
# Visual Studio 2010
Project("{FAE04EC0-301F-11D3-BF4B-00C04F79EFBC}") = "BuilderBLLComm", "BuilderBLLComm\BuilderBLLComm.csproj", "{263E5EB9-C901-442F-8E3E-7CE38B59D8F2}"
EndProject
Project("{FAE04EC0-301F-11D3-BF4B-00C04F79EFBC}") = "BuilderDALParam", "BuilderDALParam\BuilderDALParam.csproj", "{AA674935-EE79-4A95-A13B-1E5CE8738B56}"
EndProject
Project("{FAE04EC0-301F-11D3-BF4B-00C04F79EFBC}") = "BuilderDALProc", "BuilderDALProc\BuilderDALProc.csproj", "{3D640E34-5050-4B96-8800-315FF9EB5E23}"
EndProject
Project("{FAE04EC0-301F-11D3-BF4B-00C04F79EFBC}") = "BuilderDALSQL", "BuilderDALSQL\BuilderDALSQL.csproj", "{0ED67C0E-B710-44E5-8F87-59838E5BDBF6}"
EndProject
Project("{FAE04EC0-301F-11D3-BF4B-00C04F79EFBC}") = "BuilderDALTranParam", "BuilderDALTranParam\BuilderDALTranParam.csproj", "{78FD809C-43FE-43EF-9A1E-AE91F358585D}"
EndProject
Project("{FAE04EC0-301F-11D3-BF4B-00C04F79EFBC}") = "BuilderModel", "BuilderModel\BuilderModel.csproj", "{2F038593-3BCA-48F7-AFFE-796F1DE0CAB1}"
EndProject
Project("{FAE04EC0-301F-11D3-BF4B-00C04F79EFBC}") = "BuilderWeb", "BuilderWeb\BuilderWeb.csproj", "{52D7457C-FD3A-4F39-9704-FF66A7A5F00A}"
EndProject
Project("{FAE04EC0-301F-11D3-BF4B-00C04F79EFBC}") = "BuilderIDAL", "BuilderIDAL\BuilderIDAL.csproj", "{829C4CE6-21DE-4A18-ACE1-652897B0AADF}"
EndProject
Global
	GlobalSection(SolutionConfigurationPlatforms) = preSolution
		Debug|Any CPU = Debug|Any CPU
		Release|Any CPU = Release|Any CPU
	EndGlobalSection
	GlobalSection(ProjectConfigurationPlatforms) = postSolution
		{263E5EB9-C901-442F-8E3E-7CE38B59D8F2}.Debug|Any CPU.ActiveCfg = Debug|Any CPU
		{263E5EB9-C901-442F-8E3E-7CE38B59D8F2}.Debug|Any CPU.Build.0 = Debug|Any CPU
		{263E5EB9-C901-442F-8E3E-7CE38B59D8F2}.Release|Any CPU.ActiveCfg = Release|Any CPU
		{263E5EB9-C901-442F-8E3E-7CE38B59D8F2}.Release|Any CPU.Build.0 = Release|Any CPU
		{AA674935-EE79-4A95-A13B-1E5CE8738B56}.Debug|Any CPU.ActiveCfg = Debug|Any CPU
		{AA674935-EE79-4A95-A13B-1E5CE8738B56}.Debug|Any CPU.Build.0 = Debug|Any CPU
		{AA674935-EE79-4A95-A13B-1E5CE8738B56}.Release|Any CPU.ActiveCfg = Release|Any CPU
		{AA674935-EE79-4A95-A13B-1E5CE8738B56}.Release|Any CPU.Build.0 = Release|Any CPU
		{3D640E34-5050-4B96-8800-315FF9EB5E23}.Debug|Any CPU.ActiveCfg = Debug|Any CPU
		{3D640E34-5050-4B96-8800-315FF9EB5E23}.Debug|Any CPU.Build.0 = Debug|Any CPU
		{3D640E34-5050-4B96-8800-315FF9EB5E23}.Release|Any CPU.ActiveCfg = Release|Any CPU
		{3D640E34-5050-4B96-8800-315FF9EB5E23}.Release|Any CPU.Build.0 = Release|Any CPU
		{0ED67C0E-B710-44E5-8F87-59838E5BDBF6}.Debug|Any CPU.ActiveCfg = Debug|Any CPU
		{0ED67C0E-B710-44E5-8F87-59838E5BDBF6}.Debug|Any CPU.Build.0 = Debug|Any CPU
		{0ED67C0E-B710-44E5-8F87-59838E5BDBF6}.Release|Any CPU.ActiveCfg = Release|Any CPU
		{0ED67C0E-B710-44E5-8F87-59838E5BDBF6}.Release|Any CPU.Build.0 = Release|Any CPU
		{78FD809C-43FE-43EF-9A1E-AE91F358585D}.Debug|Any CPU.ActiveCfg = Debug|Any CPU
		{78FD809C-43FE-43EF-9A1E-AE91F358585D}.Debug|Any CPU.Build.0 = Debug|Any CPU
		{78FD809C-43FE-43EF-9A1E-AE91F358585D}.Release|Any CPU.ActiveCfg = Release|Any CPU
		{78FD809C-43FE-43EF-9A1E-AE91F358585D}.Release|Any CPU.Build.0 = Release|Any CPU
		{2F038593-3BCA-48F7-AFFE-796F1DE0CAB1}.Debug|Any CPU.ActiveCfg = Debug|Any CPU
		{2F038593-3BCA-48F7-AFFE-796F1DE0CAB1}.Debug|Any CPU.Build.0 = Debug|Any CPU
		{2F038593-3BCA-48F7-AFFE-796F1DE0CAB1}.Release|Any CPU.ActiveCfg = Release|Any CPU
		{2F038593-3BCA-48F7-AFFE-796F1DE0CAB1}.Release|Any CPU.Build.0 = Release|Any CPU
		{52D7457C-FD3A-4F39-9704-FF66A7A5F00A}.Debug|Any CPU.ActiveCfg = Debug|Any CPU
		{52D7457C-FD3A-4F39-9704-FF66A7A5F00A}.Debug|Any CPU.Build.0 = Debug|Any CPU
		{52D7457C-FD3A-4F39-9704-FF66A7A5F00A}.Release|Any CPU.ActiveCfg = Release|Any CPU
		{52D7457C-FD3A-4F39-9704-FF66A7A5F00A}.Release|Any CPU.Build.0 = Release|Any CPU
		{829C4CE6-21DE-4A18-ACE1-652897B0AADF}.Debug|Any CPU.ActiveCfg = Debug|Any CPU
		{829C4CE6-21DE-4A18-ACE1-652897B0AADF}.Debug|Any CPU.Build.0 = Debug|Any CPU
		{829C4CE6-21DE-4A18-ACE1-652897B0AADF}.Release|Any CPU.ActiveCfg = Release|Any CPU
		{829C4CE6-21DE-4A18-ACE1-652897B0AADF}.Release|Any CPU.Build.0 = Release|Any CPU
	EndGlobalSection
	GlobalSection(SolutionProperties) = preSolution
		HideSolutionNode = FALSE
	EndGlobalSection
EndGlobal
